
Microsoft Visual Studio Solution File, Format Version 12.00
# Visual Studio Version 16
VisualStudioVersion = 16.0.29025.244
MinimumVisualStudioVersion = 10.0.40219.1
Project("{FAE04EC0-301F-11D3-BF4B-00C04F79EFBC}") = "MySmartApp", "MySmartApp\MySmartApp.csproj", "{C478CD18-4FB3-4C2A-8E51-7698213B2649}"
EndProject
Project("{FAE04EC0-301F-11D3-BF4B-00C04F79EFBC}") = "MySmartApp.Tests", "MySmartApp.Tests\MySmartApp.Tests.csproj", "{09D255D2-30C7-4F8C-AADD-F44AEF4AAD0D}"
EndProject
Global
	GlobalSection(SolutionConfigurationPlatforms) = preSolution
		Debug|Any CPU = Debug|Any CPU
		Release|Any CPU = Release|Any CPU
	EndGlobalSection
	GlobalSection(ProjectConfigurationPlatforms) = postSolution
		{C478CD18-4FB3-4C2A-8E51-7698213B2649}.Debug|Any CPU.ActiveCfg = Debug|Any CPU
		{C478CD18-4FB3-4C2A-8E51-7698213B2649}.Debug|Any CPU.Build.0 = Debug|Any CPU
		{C478CD18-4FB3-4C2A-8E51-7698213B2649}.Release|Any CPU.ActiveCfg = Release|Any CPU
		{C478CD18-4FB3-4C2A-8E51-7698213B2649}.Release|Any CPU.Build.0 = Release|Any CPU
		{09D255D2-30C7-4F8C-AADD-F44AEF4AAD0D}.Debug|Any CPU.ActiveCfg = Debug|Any CPU
		{09D255D2-30C7-4F8C-AADD-F44AEF4AAD0D}.Debug|Any CPU.Build.0 = Debug|Any CPU
		{09D255D2-30C7-4F8C-AADD-F44AEF4AAD0D}.Release|Any CPU.ActiveCfg = Release|Any CPU
		{09D255D2-30C7-4F8C-AADD-F44AEF4AAD0D}.Release|Any CPU.Build.0 = Release|Any CPU
	EndGlobalSection
	GlobalSection(SolutionProperties) = preSolution
		HideSolutionNode = FALSE
	EndGlobalSection
	GlobalSection(ExtensibilityGlobals) = postSolution
		SolutionGuid = {48636B95-B04B-40F5-ABB5-C7DD2854DB38}
	EndGlobalSection
EndGlobal
